
Microsoft Visual Studio Solution File, Format Version 12.00
# Visual Studio 15
VisualStudioVersion = 15.0.28307.2017
MinimumVisualStudioVersion = 10.0.40219.1
Project("{FAE04EC0-301F-11D3-BF4B-00C04F79EFBC}") = "Personel Takip Otomasyonu", "Personel Takip Otomasyonu\Personel Takip Otomasyonu.csproj", "{D7EB46AD-3D39-4A1E-BC80-61A52DC47CE9}"
EndProject
Global
	GlobalSection(SolutionConfigurationPlatforms) = preSolution
		Debug|Any CPU = Debug|Any CPU
		Release|Any CPU = Release|Any CPU
	EndGlobalSection
	GlobalSection(ProjectConfigurationPlatforms) = postSolution
		{D7EB46AD-3D39-4A1E-BC80-61A52DC47CE9}.Debug|Any CPU.ActiveCfg = Debug|Any CPU
		{D7EB46AD-3D39-4A1E-BC80-61A52DC47CE9}.Debug|Any CPU.Build.0 = Debug|Any CPU
		{D7EB46AD-3D39-4A1E-BC80-61A52DC47CE9}.Release|Any CPU.ActiveCfg = Release|Any CPU
		{D7EB46AD-3D39-4A1E-BC80-61A52DC47CE9}.Release|Any CPU.Build.0 = Release|Any CPU
	EndGlobalSection
	GlobalSection(SolutionProperties) = preSolution
		HideSolutionNode = FALSE
	EndGlobalSection
	GlobalSection(ExtensibilityGlobals) = postSolution
		SolutionGuid = {A451CF22-8C33-4FDC-9F31-933FD7D9D47A}
	EndGlobalSection
EndGlobal
